
Microsoft Visual Studio Solution File, Format Version 12.00
# Visual Studio Version 17
VisualStudioVersion = 17.5.33414.496
MinimumVisualStudioVersion = 10.0.40219.1
Project("{9A19103F-16F7-4668-BE54-9A1E7A4F7556}") = "EmailService", "EmailService\EmailService.csproj", "{894E73A7-613C-4569-8D9E-2FE0AC898ABF}"
EndProject
Project("{FAE04EC0-301F-11D3-BF4B-00C04F79EFBC}") = "HackerSpace.Server", "HackerSpace\Server\HackerSpace.Server.csproj", "{F815E470-3A4B-437E-AE14-356705140460}"
EndProject
Project("{FAE04EC0-301F-11D3-BF4B-00C04F79EFBC}") = "HackerSpace.Client", "HackerSpace\Client\HackerSpace.Client.csproj", "{CAD55BB5-8973-46B0-9CFC-D5784A93FBCE}"
EndProject
Project("{FAE04EC0-301F-11D3-BF4B-00C04F79EFBC}") = "HackerSpace.Shared", "HackerSpace\Shared\HackerSpace.Shared.csproj", "{4CFE870A-B769-4C0F-9DE4-44F7CF5AF18A}"
EndProject
Global
	GlobalSection(SolutionConfigurationPlatforms) = preSolution
		Debug|Any CPU = Debug|Any CPU
		Release|Any CPU = Release|Any CPU
	EndGlobalSection
	GlobalSection(ProjectConfigurationPlatforms) = postSolution
		{894E73A7-613C-4569-8D9E-2FE0AC898ABF}.Debug|Any CPU.ActiveCfg = Debug|Any CPU
		{894E73A7-613C-4569-8D9E-2FE0AC898ABF}.Debug|Any CPU.Build.0 = Debug|Any CPU
		{894E73A7-613C-4569-8D9E-2FE0AC898ABF}.Release|Any CPU.ActiveCfg = Release|Any CPU
		{894E73A7-613C-4569-8D9E-2FE0AC898ABF}.Release|Any CPU.Build.0 = Release|Any CPU
		{F815E470-3A4B-437E-AE14-356705140460}.Debug|Any CPU.ActiveCfg = Debug|Any CPU
		{F815E470-3A4B-437E-AE14-356705140460}.Debug|Any CPU.Build.0 = Debug|Any CPU
		{F815E470-3A4B-437E-AE14-356705140460}.Release|Any CPU.ActiveCfg = Release|Any CPU
		{F815E470-3A4B-437E-AE14-356705140460}.Release|Any CPU.Build.0 = Release|Any CPU
		{CAD55BB5-8973-46B0-9CFC-D5784A93FBCE}.Debug|Any CPU.ActiveCfg = Debug|Any CPU
		{CAD55BB5-8973-46B0-9CFC-D5784A93FBCE}.Debug|Any CPU.Build.0 = Debug|Any CPU
		{CAD55BB5-8973-46B0-9CFC-D5784A93FBCE}.Release|Any CPU.ActiveCfg = Release|Any CPU
		{CAD55BB5-8973-46B0-9CFC-D5784A93FBCE}.Release|Any CPU.Build.0 = Release|Any CPU
		{4CFE870A-B769-4C0F-9DE4-44F7CF5AF18A}.Debug|Any CPU.ActiveCfg = Debug|Any CPU
		{4CFE870A-B769-4C0F-9DE4-44F7CF5AF18A}.Debug|Any CPU.Build.0 = Debug|Any CPU
		{4CFE870A-B769-4C0F-9DE4-44F7CF5AF18A}.Release|Any CPU.ActiveCfg = Release|Any CPU
		{4CFE870A-B769-4C0F-9DE4-44F7CF5AF18A}.Release|Any CPU.Build.0 = Release|Any CPU
	EndGlobalSection
	GlobalSection(SolutionProperties) = preSolution
		HideSolutionNode = FALSE
	EndGlobalSection
	GlobalSection(ExtensibilityGlobals) = postSolution
		SolutionGuid = {A8A3870F-744D-4F12-8578-57D6E8919267}
	EndGlobalSection
EndGlobal
