
Microsoft Visual Studio Solution File, Format Version 12.00
# Visual Studio Version 18
VisualStudioVersion = 18.0.11205.157
MinimumVisualStudioVersion = 10.0.40219.1
Project("{9A19103F-16F7-4668-BE54-9A1E7A4F7556}") = "HackerSpace.Server", "HackerSpace.Server\HackerSpace.Server.csproj", "{70AA1823-893C-469C-AC48-FEBE0763B965}"
EndProject
Project("{9A19103F-16F7-4668-BE54-9A1E7A4F7556}") = "HackerSpace.WebClient", "HackerSpace.WebClient\HackerSpace.WebClient.csproj", "{D0FB883B-4506-4C1A-8740-582FA334FD46}"
EndProject
Project("{9A19103F-16F7-4668-BE54-9A1E7A4F7556}") = "HackerSpace.Shared", "HackerSpace.Shared\HackerSpace.Shared.csproj", "{83807079-68FD-46B2-AD9E-D113FC05606E}"
EndProject
Project("{2150E333-8FDC-42A3-9474-1A3956D46DE8}") = "SolutionItems", "SolutionItems", "{B634275C-21A6-490A-9CEC-F5F533E4BA63}"
	ProjectSection(SolutionItems) = preProject
		.github\workflows\deploy-plesk.yml = .github\workflows\deploy-plesk.yml
		SQLServerOnMac.md = SQLServerOnMac.md
	EndProjectSection
EndProject
Global
	GlobalSection(SolutionConfigurationPlatforms) = preSolution
		Debug|Any CPU = Debug|Any CPU
		Release|Any CPU = Release|Any CPU
	EndGlobalSection
	GlobalSection(ProjectConfigurationPlatforms) = postSolution
		{70AA1823-893C-469C-AC48-FEBE0763B965}.Debug|Any CPU.ActiveCfg = Debug|Any CPU
		{70AA1823-893C-469C-AC48-FEBE0763B965}.Debug|Any CPU.Build.0 = Debug|Any CPU
		{70AA1823-893C-469C-AC48-FEBE0763B965}.Release|Any CPU.ActiveCfg = Release|Any CPU
		{70AA1823-893C-469C-AC48-FEBE0763B965}.Release|Any CPU.Build.0 = Release|Any CPU
		{D0FB883B-4506-4C1A-8740-582FA334FD46}.Debug|Any CPU.ActiveCfg = Debug|Any CPU
		{D0FB883B-4506-4C1A-8740-582FA334FD46}.Debug|Any CPU.Build.0 = Debug|Any CPU
		{D0FB883B-4506-4C1A-8740-582FA334FD46}.Release|Any CPU.ActiveCfg = Release|Any CPU
		{D0FB883B-4506-4C1A-8740-582FA334FD46}.Release|Any CPU.Build.0 = Release|Any CPU
		{83807079-68FD-46B2-AD9E-D113FC05606E}.Debug|Any CPU.ActiveCfg = Debug|Any CPU
		{83807079-68FD-46B2-AD9E-D113FC05606E}.Debug|Any CPU.Build.0 = Debug|Any CPU
		{83807079-68FD-46B2-AD9E-D113FC05606E}.Release|Any CPU.ActiveCfg = Release|Any CPU
		{83807079-68FD-46B2-AD9E-D113FC05606E}.Release|Any CPU.Build.0 = Release|Any CPU
	EndGlobalSection
	GlobalSection(SolutionProperties) = preSolution
		HideSolutionNode = FALSE
	EndGlobalSection
	GlobalSection(ExtensibilityGlobals) = postSolution
		SolutionGuid = {52A37C50-D1A5-42AF-91CB-29A4AA6FF2B3}
	EndGlobalSection
EndGlobal
